// !$*UTF8*$!
{
	archiveVersion = 1;
	classes = {
	};
	objectVersion = 46;
	objects = {

/* Begin PBXBuildFile section */
		B0AF07891ADEA20F00173B23 /* main.m in Sources */ = {isa = PBXBuildFile; fileRef = B0AF07881ADEA20F00173B23 /* main.m */; };
		B0AF078C1ADEA20F00173B23 /* AppDelegate.m in Sources */ = {isa = PBXBuildFile; fileRef = B0AF078B1ADEA20F00173B23 /* AppDelegate.m */; };
		B0AF078F1ADEA20F00173B23 /* ViewController.m in Sources */ = {isa = PBXBuildFile; fileRef = B0AF078E1ADEA20F00173B23 /* ViewController.m */; };
		B0AF07921ADEA20F00173B23 /* Main.storyboard in Resources */ = {isa = PBXBuildFile; fileRef = B0AF07901ADEA20F00173B23 /* Main.storyboard */; };
		B0AF07941ADEA20F00173B23 /* Images.xcassets in Resources */ = {isa = PBXBuildFile; fileRef = B0AF07931ADEA20F00173B23 /* Images.xcassets */; };
		B0AF07971ADEA20F00173B23 /* LaunchScreen.xib in Resources */ = {isa = PBXBuildFile; fileRef = B0AF07951ADEA20F00173B23 /* LaunchScreen.xib */; };
		B0AF07A31ADEA20F00173B23 /* TYWaveProgressDemoTests.m in Sources */ = {isa = PBXBuildFile; fileRef = B0AF07A21ADEA20F00173B23 /* TYWaveProgressDemoTests.m */; };
/* End PBXBuildFile section */

/* Begin PBXContainerItemProxy section */
		B0AF079D1ADEA20F00173B23 /* PBXContainerItemProxy */ = {
			isa = PBXContainerItemProxy;
			containerPortal = B0AF077B1ADEA20F00173B23 /* Project object */;
			proxyType = 1;
			remoteGlobalIDString = B0AF07821ADEA20F00173B23;
			remoteInfo = TYWaveProgressDemo;
		};
/* End PBXContainerItemProxy section */

/* Begin PBXFileReference section */
		B0AF07831ADEA20F00173B23 /* TYWaveProgressDemo.app */ = {isa = PBXFileReference; explicitFileType = wrapper.application; includeInIndex = 0; path = TYWaveProgressDemo.app; sourceTree = BUILT_PRODUCTS_DIR; };
		B0AF07871ADEA20F00173B23 /* Info.plist */ = {isa = PBXFileReference; lastKnownFileType = text.plist.xml; path = Info.plist; sourceTree = "<group>"; };
		B0AF07881ADEA20F00173B23 /* main.m */ = {isa = PBXFileReference; lastKnownFileType = sourcecode.c.objc; path = main.m; sourceTree = "<group>"; };
		B0AF078A1ADEA20F00173B23 /* AppDelegate.h */ = {isa = PBXFileReference; lastKnownFileType = sourcecode.c.h; path = AppDelegate.h; sourceTree = "<group>"; };
		B0AF078B1ADEA20F00173B23 /* AppDelegate.m */ = {isa = PBXFileReference; lastKnownFileType = sourcecode.c.objc; path = AppDelegate.m; sourceTree = "<group>"; };
		B0AF078D1ADEA20F00173B23 /* ViewController.h */ = {isa = PBXFileReference; lastKnownFileType = sourcecode.c.h; path = ViewController.h; sourceTree = "<group>"; };
		B0AF078E1ADEA20F00173B23 /* ViewController.m */ = {isa = PBXFileReference; lastKnownFileType = sourcecode.c.objc; path = ViewController.m; sourceTree = "<group>"; };
		B0AF07911ADEA20F00173B23 /* Base */ = {isa = PBXFileReference; lastKnownFileType = file.storyboard; name = Base; path = Base.lproj/Main.storyboard; sourceTree = "<group>"; };
		B0AF07931ADEA20F00173B23 /* Images.xcassets */ = {isa = PBXFileReference; lastKnownFileType = folder.assetcatalog; path = Images.xcassets; sourceTree = "<group>"; };
		B0AF07961ADEA20F00173B23 /* Base */ = {isa = PBXFileReference; lastKnownFileType = file.xib; name = Base; path = Base.lproj/LaunchScreen.xib; sourceTree = "<group>"; };
		B0AF079C1ADEA20F00173B23 /* TYWaveProgressDemoTests.xctest */ = {isa = PBXFileReference; explicitFileType = wrapper.cfbundle; includeInIndex = 0; path = TYWaveProgressDemoTests.xctest; sourceTree = BUILT_PRODUCTS_DIR; };
		B0AF07A11ADEA20F00173B23 /* Info.plist */ = {isa = PBXFileReference; lastKnownFileType = text.plist.xml; path = Info.plist; sourceTree = "<group>"; };
		B0AF07A21ADEA20F00173B23 /* TYWaveProgressDemoTests.m */ = {isa = PBXFileReference; lastKnownFileType = sourcecode.c.objc; path = TYWaveProgressDemoTests.m; sourceTree = "<group>"; };
/* End PBXFileReference section */

/* Begin PBXFrameworksBuildPhase section */
		B0AF07801ADEA20F00173B23 /* Frameworks */ = {
			isa = PBXFrameworksBuildPhase;
			buildActionMask = 2147483647;
			files = (
			);
			runOnlyForDeploymentPostprocessing = 0;
		};
		B0AF07991ADEA20F00173B23 /* Frameworks */ = {
			isa = PBXFrameworksBuildPhase;
			buildActionMask = 2147483647;
			files = (
			);
			runOnlyForDeploymentPostprocessing = 0;
		};
/* End PBXFrameworksBuildPhase section */

/* Begin PBXGroup section */
		B0AF077A1ADEA20F00173B23 = {
			isa = PBXGroup;
			children = (
				B0AF07851ADEA20F00173B23 /* TYWaveProgressDemo */,
				B0AF079F1ADEA20F00173B23 /* TYWaveProgressDemoTests */,
				B0AF07841ADEA20F00173B23 /* Products */,
			);
			sourceTree = "<group>";
		};
		B0AF07841ADEA20F00173B23 /* Products */ = {
			isa = PBXGroup;
			children = (
				B0AF07831ADEA20F00173B23 /* TYWaveProgressDemo.app */,
				B0AF079C1ADEA20F00173B23 /* TYWaveProgressDemoTests.xctest */,
			);
			name = Products;
			sourceTree = "<group>";
		};
		B0AF07851ADEA20F00173B23 /* TYWaveProgressDemo */ = {
			isa = PBXGroup;
			children = (
				B0AF078A1ADEA20F00173B23 /* AppDelegate.h */,
				B0AF078B1ADEA20F00173B23 /* AppDelegate.m */,
				B0AF078D1ADEA20F00173B23 /* ViewController.h */,
				B0AF078E1ADEA20F00173B23 /* ViewController.m */,
				B0AF07901ADEA20F00173B23 /* Main.storyboard */,
				B0AF07931ADEA20F00173B23 /* Images.xcassets */,
				B0AF07951ADEA20F00173B23 /* LaunchScreen.xib */,
				B0AF07861ADEA20F00173B23 /* Supporting Files */,
			);
			path = TYWaveProgressDemo;
			sourceTree = "<group>";
		};
		B0AF07861ADEA20F00173B23 /* Supporting Files */ = {
			isa = PBXGroup;
			children = (
				B0AF07871ADEA20F00173B23 /* Info.plist */,
				B0AF07881ADEA20F00173B23 /* main.m */,
			);
			name = "Supporting Files";
			sourceTree = "<group>";
		};
		B0AF079F1ADEA20F00173B23 /* TYWaveProgressDemoTests */ = {
			isa = PBXGroup;
			children = (
				B0AF07A21ADEA20F00173B23 /* TYWaveProgressDemoTests.m */,
				B0AF07A01ADEA20F00173B23 /* Supporting Files */,
			);
			path = TYWaveProgressDemoTests;
			sourceTree = "<group>";
		};
		B0AF07A01ADEA20F00173B23 /* Supporting Files */ = {
			isa = PBXGroup;
			children = (
				B0AF07A11ADEA20F00173B23 /* Info.plist */,
			);
			name = "Supporting Files";
			sourceTree = "<group>";
		};
/* End PBXGroup section */

/* Begin PBXNativeTarget section */
		B0AF07821ADEA20F00173B23 /* TYWaveProgressDemo */ = {
			isa = PBXNativeTarget;
			buildConfigurationList = B0AF07A61ADEA20F00173B23 /* Build configuration list for PBXNativeTarget "TYWaveProgressDemo" */;
			buildPhases = (
				B0AF077F1ADEA20F00173B23 /* Sources */,
				B0AF07801ADEA20F00173B23 /* Frameworks */,
				B0AF07811ADEA20F00173B23 /* Resources */,
			);
			buildRules = (
			);
			dependencies = (
			);
			name = TYWaveProgressDemo;
			productName = TYWaveProgressDemo;
			productReference = B0AF07831ADEA20F00173B23 /* TYWaveProgressDemo.app */;
			productType = "com.apple.product-type.application";
		};
		B0AF079B1ADEA20F00173B23 /* TYWaveProgressDemoTests */ = {
			isa = PBXNativeTarget;
			buildConfigurationList = B0AF07A91ADEA20F00173B23 /* Build configuration list for PBXNativeTarget "TYWaveProgressDemoTests" */;
			buildPhases = (
				B0AF07981ADEA20F00173B23 /* Sources */,
				B0AF07991ADEA20F00173B23 /* Frameworks */,
				B0AF079A1ADEA20F00173B23 /* Resources */,
			);
			buildRules = (
			);
			dependencies = (
				B0AF079E1ADEA20F00173B23 /* PBXTargetDependency */,
			);
			name = TYWaveProgressDemoTests;
			productName = TYWaveProgressDemoTests;
			productReference = B0AF079C1ADEA20F00173B23 /* TYWaveProgressDemoTests.xctest */;
			productType = "com.apple.product-type.bundle.unit-test";
		};
/* End PBXNativeTarget section */

/* Begin PBXProject section */
		B0AF077B1ADEA20F00173B23 /* Project object */ = {
			isa = PBXProject;
			attributes = {
				LastUpgradeCheck = 0630;
				ORGANIZATIONNAME = tanyang;
				TargetAttributes = {
					B0AF07821ADEA20F00173B23 = {
						CreatedOnToolsVersion = 6.3;
					};
					B0AF079B1ADEA20F00173B23 = {
						CreatedOnToolsVersion = 6.3;
						TestTargetID = B0AF07821ADEA20F00173B23;
					};
				};
			};
			buildConfigurationList = B0AF077E1ADEA20F00173B23 /* Build configuration list for PBXProject "TYWaveProgressDemo" */;
			compatibilityVersion = "Xcode 3.2";
			developmentRegion = English;
			hasScannedForEncodings = 0;
			knownRegions = (
				en,
				Base,
			);
			mainGroup = B0AF077A1ADEA20F00173B23;
			productRefGroup = B0AF07841ADEA20F00173B23 /* Products */;
			projectDirPath = "";
			projectRoot = "";
			targets = (
				B0AF07821ADEA20F00173B23 /* TYWaveProgressDemo */,
				B0AF079B1ADEA20F00173B23 /* TYWaveProgressDemoTests */,
			);
		};
/* End PBXProject section */

/* Begin PBXResourcesBuildPhase section */
		B0AF07811ADEA20F00173B23 /* Resources */ = {
			isa = PBXResourcesBuildPhase;
			buildActionMask = 2147483647;
			files = (
				B0AF07921ADEA20F00173B23 /* Main.storyboard in Resources */,
				B0AF07971ADEA20F00173B23 /* LaunchScreen.xib in Resources */,
				B0AF07941ADEA20F00173B23 /* Images.xcassets in Resources */,
			);
			runOnlyForDeploymentPostprocessing = 0;
		};
		B0AF079A1ADEA20F00173B23 /* Resources */ = {
			isa = PBXResourcesBuildPhase;
			buildActionMask = 2147483647;
			files = (
			);
			runOnlyForDeploymentPostprocessing = 0;
		};
/* End PBXResourcesBuildPhase section */

/* Begin PBXSourcesBuildPhase section */
		B0AF077F1ADEA20F00173B23 /* Sources */ = {
			isa = PBXSourcesBuildPhase;
			buildActionMask = 2147483647;
			files = (
				B0AF078F1ADEA20F00173B23 /* ViewController.m in Sources */,
				B0AF078C1ADEA20F00173B23 /* AppDelegate.m in Sources */,
				B0AF07891ADEA20F00173B23 /* main.m in Sources */,
			);
			runOnlyForDeploymentPostprocessing = 0;
		};
		B0AF07981ADEA20F00173B23 /* Sources */ = {
			isa = PBXSourcesBuildPhase;
			buildActionMask = 2147483647;
			files = (
				B0AF07A31ADEA20F00173B23 /* TYWaveProgressDemoTests.m in Sources */,
			);
			runOnlyForDeploymentPostprocessing = 0;
		};
/* End PBXSourcesBuildPhase section */

/* Begin PBXTargetDependency section */
		B0AF079E1ADEA20F00173B23 /* PBXTargetDependency */ = {
			isa = PBXTargetDependency;
			target = B0AF07821ADEA20F00173B23 /* TYWaveProgressDemo */;
			targetProxy = B0AF079D1ADEA20F00173B23 /* PBXContainerItemProxy */;
		};
/* End PBXTargetDependency section */

/* Begin PBXVariantGroup section */
		B0AF07901ADEA20F00173B23 /* Main.storyboard */ = {
			isa = PBXVariantGroup;
			children = (
				B0AF07911ADEA20F00173B23 /* Base */,
			);
			name = Main.storyboard;
			sourceTree = "<group>";
		};
		B0AF07951ADEA20F00173B23 /* LaunchScreen.xib */ = {
			isa = PBXVariantGroup;
			children = (
				B0AF07961ADEA20F00173B23 /* Base */,
			);
			name = LaunchScreen.xib;
			sourceTree = "<group>";
		};
/* End PBXVariantGroup section */

/* Begin XCBuildConfiguration section */
		B0AF07A41ADEA20F00173B23 /* Debug */ = {
			isa = XCBuildConfiguration;
			buildSettings = {
				ALWAYS_SEARCH_USER_PATHS = NO;
				CLANG_CXX_LANGUAGE_STANDARD = "gnu++0x";
				CLANG_CXX_LIBRARY = "libc++";
				CLANG_ENABLE_MODULES = YES;
				CLANG_ENABLE_OBJC_ARC = YES;
				CLANG_WARN_BOOL_CONVERSION = YES;
				CLANG_WARN_CONSTANT_CONVERSION = YES;
				CLANG_WARN_DIRECT_OBJC_ISA_USAGE = YES_ERROR;
				CLANG_WARN_EMPTY_BODY = YES;
				CLANG_WARN_ENUM_CONVERSION = YES;
				CLANG_WARN_INT_CONVERSION = YES;
				CLANG_WARN_OBJC_ROOT_CLASS = YES_ERROR;
				CLANG_WARN_UNREACHABLE_CODE = YES;
				CLANG_WARN__DUPLICATE_METHOD_MATCH = YES;
				"CODE_SIGN_IDENTITY[sdk=iphoneos*]" = "iPhone Developer";
				COPY_PHASE_STRIP = NO;
				DEBUG_INFORMATION_FORMAT = "dwarf-with-dsym";
				ENABLE_STRICT_OBJC_MSGSEND = YES;
				GCC_C_LANGUAGE_STANDARD = gnu99;
				GCC_DYNAMIC_NO_PIC = NO;
				GCC_NO_COMMON_BLOCKS = YES;
				GCC_OPTIMIZATION_LEVEL = 0;
				GCC_PREPROCESSOR_DEFINITIONS = (
					"DEBUG=1",
					"$(inherited)",
				);
				GCC_SYMBOLS_PRIVATE_EXTERN = NO;
				GCC_WARN_64_TO_32_BIT_CONVERSION = YES;
				GCC_WARN_ABOUT_RETURN_TYPE = YES_ERROR;
				GCC_WARN_UNDECLARED_SELECTOR = YES;
				GCC_WARN_UNINITIALIZED_AUTOS = YES_AGGRESSIVE;
				GCC_WARN_UNUSED_FUNCTION = YES;
				GCC_WARN_UNUSED_VARIABLE = YES;
				IPHONEOS_DEPLOYMENT_TARGET = 8.3;
				MTL_ENABLE_DEBUG_INFO = YES;
				ONLY_ACTIVE_ARCH = YES;
				SDKROOT = iphoneos;
			};
			name = Debug;
		};
		B0AF07A51ADEA20F00173B23 /* Release */ = {
			isa = XCBuildConfiguration;
			buildSettings = {
				ALWAYS_SEARCH_USER_PATHS = NO;
				CLANG_CXX_LANGUAGE_STANDARD = "gnu++0x";
				CLANG_CXX_LIBRARY = "libc++";
				CLANG_ENABLE_MODULES = YES;
				CLANG_ENABLE_OBJC_ARC = YES;
				CLANG_WARN_BOOL_CONVERSION = YES;
				CLANG_WARN_CONSTANT_CONVERSION = YES;
				CLANG_WARN_DIRECT_OBJC_ISA_USAGE = YES_ERROR;
				CLANG_WARN_EMPTY_BODY = YES;
				CLANG_WARN_ENUM_CONVERSION = YES;
				CLANG_WARN_INT_CONVERSION = YES;
				CLANG_WARN_OBJC_ROOT_CLASS = YES_ERROR;
				CLANG_WARN_UNREACHABLE_CODE = YES;
				CLANG_WARN__DUPLICATE_METHOD_MATCH = YES;
				"CODE_SIGN_IDENTITY[sdk=iphoneos*]" = "iPhone Developer";
				COPY_PHASE_STRIP = NO;
				DEBUG_INFORMATION_FORMAT = "dwarf-with-dsym";
				ENABLE_NS_ASSERTIONS = NO;
				ENABLE_STRICT_OBJC_MSGSEND = YES;
				GCC_C_LANGUAGE_STANDARD = gnu99;
				GCC_NO_COMMON_BLOCKS = YES;
				GCC_WARN_64_TO_32_BIT_CONVERSION = YES;
				GCC_WARN_ABOUT_RETURN_TYPE = YES_ERROR;
				GCC_WARN_UNDECLARED_SELECTOR = YES;
				GCC_WARN_UNINITIALIZED_AUTOS = YES_AGGRESSIVE;
				GCC_WARN_UNUSED_FUNCTION = YES;
				GCC_WARN_UNUSED_VARIABLE = YES;
				IPHONEOS_DEPLOYMENT_TARGET = 8.3;
				MTL_ENABLE_DEBUG_INFO = NO;
				SDKROOT = iphoneos;
				VALIDATE_PRODUCT = YES;
			};
			name = Release;
		};
		B0AF07A71ADEA20F00173B23 /* Debug */ = {
			isa = XCBuildConfiguration;
			buildSettings = {
				ASSETCATALOG_COMPILER_APPICON_NAME = AppIcon;
				INFOPLIST_FILE = TYWaveProgressDemo/Info.plist;
				LD_RUNPATH_SEARCH_PATHS = "$(inherited) @executable_path/Frameworks";
				PRODUCT_NAME = "$(TARGET_NAME)";
			};
			name = Debug;
		};
		B0AF07A81ADEA20F00173B23 /* Release */ = {
			isa = XCBuildConfiguration;
			buildSettings = {
				ASSETCATALOG_COMPILER_APPICON_NAME = AppIcon;
				INFOPLIST_FILE = TYWaveProgressDemo/Info.plist;
				LD_RUNPATH_SEARCH_PATHS = "$(inherited) @executable_path/Frameworks";
				PRODUCT_NAME = "$(TARGET_NAME)";
			};
			name = Release;
		};
		B0AF07AA1ADEA20F00173B23 /* Debug */ = {
			isa = XCBuildConfiguration;
			buildSettings = {
				BUNDLE_LOADER = "$(TEST_HOST)";
				FRAMEWORK_SEARCH_PATHS = (
					"$(SDKROOT)/Developer/Library/Frameworks",
					"$(inherited)",
				);
				GCC_PREPROCESSOR_DEFINITIONS = (
					"DEBUG=1",
					"$(inherited)",
				);
				INFOPLIST_FILE = TYWaveProgressDemoTests/Info.plist;
				LD_RUNPATH_SEARCH_PATHS = "$(inherited) @executable_path/Frameworks @loader_path/Frameworks";
				PRODUCT_NAME = "$(TARGET_NAME)";
				TEST_HOST = "$(BUILT_PRODUCTS_DIR)/TYWaveProgressDemo.app/TYWaveProgressDemo";
			};
			name = Debug;
		};
		B0AF07AB1ADEA20F00173B23 /* Release */ = {
			isa = XCBuildConfiguration;
			buildSettings = {
				BUNDLE_LOADER = "$(TEST_HOST)";
				FRAMEWORK_SEARCH_PATHS = (
					"$(SDKROOT)/Developer/Library/Frameworks",
					"$(inherited)",
				);
				INFOPLIST_FILE = TYWaveProgressDemoTests/Info.plist;
				LD_RUNPATH_SEARCH_PATHS = "$(inherited) @executable_path/Frameworks @loader_path/Frameworks";
				PRODUCT_NAME = "$(TARGET_NAME)";
				TEST_HOST = "$(BUILT_PRODUCTS_DIR)/TYWaveProgressDemo.app/TYWaveProgressDemo";
			};
			name = Release;
		};
/* End XCBuildConfiguration section */

/* Begin XCConfigurationList section */
		B0AF077E1ADEA20F00173B23 /* Build configuration list for PBXProject "TYWaveProgressDemo" */ = {
			isa = XCConfigurationList;
			buildConfigurations = (
				B0AF07A41ADEA20F00173B23 /* Debug */,
				B0AF07A51ADEA20F00173B23 /* Release */,
			);
			defaultConfigurationIsVisible = 0;
			defaultConfigurationName = Release;
		};
		B0AF07A61ADEA20F00173B23 /* Build configuration list for PBXNativeTarget "TYWaveProgressDemo" */ = {
			isa = XCConfigurationList;
			buildConfigurations = (
				B0AF07A71ADEA20F00173B23 /* Debug */,
				B0AF07A81ADEA20F00173B23 /* Release */,
			);
			defaultConfigurationIsVisible = 0;
		};
		B0AF07A91ADEA20F00173B23 /* Build configuration list for PBXNativeTarget "TYWaveProgressDemoTests" */ = {
			isa = XCConfigurationList;
			buildConfigurations = (
				B0AF07AA1ADEA20F00173B23 /* Debug */,
				B0AF07AB1ADEA20F00173B23 /* Release */,
			);
			defaultConfigurationIsVisible = 0;
		};
/* End XCConfigurationList section */
	};
	rootObject = B0AF077B1ADEA20F00173B23 /* Project object */;
}
